
Microsoft Visual Studio Solution File, Format Version 12.00
# Visual Studio Version 17
VisualStudioVersion = 17.6.33829.357
MinimumVisualStudioVersion = 10.0.40219.1
Project("{FAE04EC0-301F-11D3-BF4B-00C04F79EFBC}") = "BL", "BL\BL.csproj", "{78C09379-87D8-4B8F-A671-FBA198887109}"
EndProject
Project("{FAE04EC0-301F-11D3-BF4B-00C04F79EFBC}") = "DL", "DL\DL.csproj", "{D57E5C77-8F66-4C4F-AAF4-53D25CB2F2DF}"
EndProject
Project("{FAE04EC0-301F-11D3-BF4B-00C04F79EFBC}") = "ML", "ML\ML.csproj", "{ADDD75A8-F058-465C-8889-7963C0C02F53}"
EndProject
Project("{FAE04EC0-301F-11D3-BF4B-00C04F79EFBC}") = "PL", "PL\PL.csproj", "{DE1BD481-233A-432B-A698-1FEB38241AEE}"
EndProject
Global
	GlobalSection(SolutionConfigurationPlatforms) = preSolution
		Debug|Any CPU = Debug|Any CPU
		Release|Any CPU = Release|Any CPU
	EndGlobalSection
	GlobalSection(ProjectConfigurationPlatforms) = postSolution
		{78C09379-87D8-4B8F-A671-FBA198887109}.Debug|Any CPU.ActiveCfg = Debug|Any CPU
		{78C09379-87D8-4B8F-A671-FBA198887109}.Debug|Any CPU.Build.0 = Debug|Any CPU
		{78C09379-87D8-4B8F-A671-FBA198887109}.Release|Any CPU.ActiveCfg = Release|Any CPU
		{78C09379-87D8-4B8F-A671-FBA198887109}.Release|Any CPU.Build.0 = Release|Any CPU
		{D57E5C77-8F66-4C4F-AAF4-53D25CB2F2DF}.Debug|Any CPU.ActiveCfg = Debug|Any CPU
		{D57E5C77-8F66-4C4F-AAF4-53D25CB2F2DF}.Debug|Any CPU.Build.0 = Debug|Any CPU
		{D57E5C77-8F66-4C4F-AAF4-53D25CB2F2DF}.Release|Any CPU.ActiveCfg = Release|Any CPU
		{D57E5C77-8F66-4C4F-AAF4-53D25CB2F2DF}.Release|Any CPU.Build.0 = Release|Any CPU
		{ADDD75A8-F058-465C-8889-7963C0C02F53}.Debug|Any CPU.ActiveCfg = Debug|Any CPU
		{ADDD75A8-F058-465C-8889-7963C0C02F53}.Debug|Any CPU.Build.0 = Debug|Any CPU
		{ADDD75A8-F058-465C-8889-7963C0C02F53}.Release|Any CPU.ActiveCfg = Release|Any CPU
		{ADDD75A8-F058-465C-8889-7963C0C02F53}.Release|Any CPU.Build.0 = Release|Any CPU
		{DE1BD481-233A-432B-A698-1FEB38241AEE}.Debug|Any CPU.ActiveCfg = Debug|Any CPU
		{DE1BD481-233A-432B-A698-1FEB38241AEE}.Debug|Any CPU.Build.0 = Debug|Any CPU
		{DE1BD481-233A-432B-A698-1FEB38241AEE}.Release|Any CPU.ActiveCfg = Release|Any CPU
		{DE1BD481-233A-432B-A698-1FEB38241AEE}.Release|Any CPU.Build.0 = Release|Any CPU
	EndGlobalSection
	GlobalSection(SolutionProperties) = preSolution
		HideSolutionNode = FALSE
	EndGlobalSection
	GlobalSection(ExtensibilityGlobals) = postSolution
		SolutionGuid = {CA09EED6-24DD-42AA-9ABC-D21851C0C764}
	EndGlobalSection
EndGlobal
